{
    "codercat/jwk-to-pem": {
        "version": "0.0.3"
    },
    "defuse/php-encryption": {
        "version": "v2.2.1"
    },
    "guzzlehttp/guzzle": {
        "version": "6.5.x-dev"
    },
    "guzzlehttp/promises": {
        "version": "1.4-dev"
    },
    "guzzlehttp/psr7": {
        "version": "1.x-dev"
    },
    "lcobucci/jwt": {
        "version": "3.4.x-dev"
    },
    "league/event": {
        "version": "2.2-dev"
    },
    "league/oauth2-server": {
        "version": "8.1.0"
    },
    "nesbot/carbon": {
        "version": "2.x-dev"
    },
    "nyholm/psr7": {
        "version": "1.0",
        "recipe": {
            "repo": "github.com/symfony/recipes",
            "branch": "master",
            "version": "1.0",
            "ref": "7c0a9352a57376f04f5444e74565102c3a23d0c7"
        },
        "files": [
            "config/packages/nyholm_psr7.yaml"
        ]
    },
    "oat-sa/bundle-lti1p3": {
        "version": "1.0.0"
    },
    "oat-sa/lib-lti1p3-core": {
        "version": "2.0.0"
    },
    "php": {
        "version": "7.4"
    },
    "php-http/message-factory": {
        "version": "1.0-dev"
    },
    "phpseclib/phpseclib": {
        "version": "2.0.x-dev"
    },
    "psr/cache": {
        "version": "1.0.x-dev"
    },
    "psr/container": {
        "version": "1.0.x-dev"
    },
    "psr/event-dispatcher": {
        "version": "1.0.x-dev"
    },
    "psr/http-factory": {
        "version": "1.0.x-dev"
    },
    "psr/http-message": {
        "version": "1.0.x-dev"
    },
    "psr/log": {
        "version": "1.1.x-dev"
    },
    "ralouphie/getallheaders": {
        "version": "3.0.3"
    },
    "ramsey/uuid": {
        "version": "3.x-dev"
    },
    "symfony/cache": {
        "version": "5.0.x-dev"
    },
    "symfony/cache-contracts": {
        "version": "2.1-dev"
    },
    "symfony/config": {
        "version": "5.0.x-dev"
    },
    "symfony/console": {
        "version": "4.4",
        "recipe": {
            "repo": "github.com/symfony/recipes",
            "branch": "master",
            "version": "4.4",
            "ref": "ea8c0eda34fda57e7d5cd8cbd889e2a387e3472c"
        },
        "files": [
            "bin/console",
            "config/bootstrap.php"
        ]
    },
    "symfony/dependency-injection": {
        "version": "5.0.x-dev"
    },
    "symfony/dotenv": {
        "version": "5.0.x-dev"
    },
    "symfony/error-handler": {
        "version": "5.0.x-dev"
    },
    "symfony/event-dispatcher": {
        "version": "5.0.x-dev"
    },
    "symfony/event-dispatcher-contracts": {
        "version": "2.1-dev"
    },
    "symfony/filesystem": {
        "version": "5.0.x-dev"
    },
    "symfony/finder": {
        "version": "5.0.x-dev"
    },
    "symfony/flex": {
        "version": "1.0",
        "recipe": {
            "repo": "github.com/symfony/recipes",
            "branch": "master",
            "version": "1.0",
            "ref": "c0eeb50665f0f77226616b6038a9b06c03752d8e"
        },
        "files": [
            ".env"
        ]
    },
    "symfony/form": {
        "version": "5.0.x-dev"
    },
    "symfony/framework-bundle": {
        "version": "4.4",
        "recipe": {
            "repo": "github.com/symfony/recipes",
            "branch": "master",
            "version": "4.4",
            "ref": "36d3075b2b8e0c4de0e82356a86e4c4a4eb6681b"
        },
        "files": [
            "config/bootstrap.php",
            "config/packages/cache.yaml",
            "config/packages/framework.yaml",
            "config/packages/test/framework.yaml",
            "config/routes/dev/framework.yaml",
            "config/services.yaml",
            "public/index.php",
            "src/Controller/.gitignore",
            "src/Kernel.php"
        ]
    },
    "symfony/http-foundation": {
        "version": "5.0.x-dev"
    },
    "symfony/http-kernel": {
        "version": "5.0.x-dev"
    },
    "symfony/inflector": {
        "version": "5.0.x-dev"
    },
    "symfony/intl": {
        "version": "5.0.x-dev"
    },
    "symfony/mime": {
        "version": "5.0.x-dev"
    },
    "symfony/options-resolver": {
        "version": "5.0.x-dev"
    },
    "symfony/polyfill-intl-icu": {
        "version": "1.16-dev"
    },
    "symfony/polyfill-intl-idn": {
        "version": "1.16-dev"
    },
    "symfony/polyfill-mbstring": {
        "version": "1.16-dev"
    },
    "symfony/polyfill-php73": {
        "version": "1.16-dev"
    },
    "symfony/property-access": {
        "version": "5.0.x-dev"
    },
    "symfony/psr-http-message-bridge": {
        "version": "2.0-dev"
    },
    "symfony/routing": {
        "version": "4.2",
        "recipe": {
            "repo": "github.com/symfony/recipes",
            "branch": "master",
            "version": "4.2",
            "ref": "683dcb08707ba8d41b7e34adb0344bfd68d248a7"
        },
        "files": [
            "config/packages/prod/routing.yaml",
            "config/packages/routing.yaml",
            "config/routes.yaml"
        ]
    },
    "symfony/security-bundle": {
        "version": "4.4",
        "recipe": {
            "repo": "github.com/symfony/recipes",
            "branch": "master",
            "version": "4.4",
            "ref": "7b4408dc203049666fe23fabed23cbadc6d8440f"
        },
        "files": [
            "config/packages/security.yaml"
        ]
    },
    "symfony/security-core": {
        "version": "5.0.x-dev"
    },
    "symfony/security-csrf": {
        "version": "5.0.x-dev"
    },
    "symfony/security-guard": {
        "version": "5.0.x-dev"
    },
    "symfony/security-http": {
        "version": "5.0.x-dev"
    },
    "symfony/service-contracts": {
        "version": "2.1-dev"
    },
    "symfony/translation": {
        "version": "3.3",
        "recipe": {
            "repo": "github.com/symfony/recipes",
            "branch": "master",
            "version": "3.3",
            "ref": "2ad9d2545bce8ca1a863e50e92141f0b9d87ffcd"
        },
        "files": [
            "config/packages/translation.yaml",
            "translations/.gitignore"
        ]
    },
    "symfony/translation-contracts": {
        "version": "2.1-dev"
    },
    "symfony/twig-bridge": {
        "version": "5.0.x-dev"
    },
    "symfony/twig-bundle": {
        "version": "5.0",
        "recipe": {
            "repo": "github.com/symfony/recipes",
            "branch": "master",
            "version": "5.0",
            "ref": "fab9149bbaa4d5eca054ed93f9e1b66cc500895d"
        },
        "files": [
            "config/packages/test/twig.yaml",
            "config/packages/twig.yaml",
            "templates/base.html.twig"
        ]
    },
    "symfony/twig-pack": {
        "version": "dev-master"
    },
    "symfony/var-dumper": {
        "version": "5.0.x-dev"
    },
    "symfony/var-exporter": {
        "version": "5.0.x-dev"
    },
    "symfony/yaml": {
        "version": "5.0.x-dev"
    },
    "twig/extra-bundle": {
        "version": "3.x-dev"
    },
    "twig/twig": {
        "version": "3.x-dev"
    }
}
